
Microsoft Visual Studio Solution File, Format Version 12.00
# Visual Studio Version 16
VisualStudioVersion = 16.0.30804.86
MinimumVisualStudioVersion = 10.0.40219.1
Project("{FAE04EC0-301F-11D3-BF4B-00C04F79EFBC}") = "MVC_11-17", "MVC_11-17.csproj", "{B67B4362-5622-4A9D-B18C-A5C8B3EB9D7E}"
EndProject
Global
	GlobalSection(SolutionConfigurationPlatforms) = preSolution
		Debug|Any CPU = Debug|Any CPU
		Release|Any CPU = Release|Any CPU
	EndGlobalSection
	GlobalSection(ProjectConfigurationPlatforms) = postSolution
		{B67B4362-5622-4A9D-B18C-A5C8B3EB9D7E}.Debug|Any CPU.ActiveCfg = Debug|Any CPU
		{B67B4362-5622-4A9D-B18C-A5C8B3EB9D7E}.Debug|Any CPU.Build.0 = Debug|Any CPU
		{B67B4362-5622-4A9D-B18C-A5C8B3EB9D7E}.Release|Any CPU.ActiveCfg = Release|Any CPU
		{B67B4362-5622-4A9D-B18C-A5C8B3EB9D7E}.Release|Any CPU.Build.0 = Release|Any CPU
	EndGlobalSection
	GlobalSection(SolutionProperties) = preSolution
		HideSolutionNode = FALSE
	EndGlobalSection
	GlobalSection(ExtensibilityGlobals) = postSolution
		SolutionGuid = {B4210F59-9668-477B-B33C-048C8B606C78}
	EndGlobalSection
EndGlobal
